# This file is autogenerated, do not edit; changes may be undone by the next 'dep ensure'.


[[projects]]
  digest = "1:0d3deb8a6da8ffba5635d6fb1d2144662200def6c9d82a35a6d05d6c2d4a48f9"
  name = "github.com/beorn7/perks"
  packages = ["quantile"]
  pruneopts = ""
  revision = "4b2b341e8d7715fae06375aa633dbb6e91b3fb46"
  version = "v1.0.0"

[[projects]]
  digest = "1:8875fa1ff2a71da9973302e0a8616918db667846e27e8e5008d7ef383f02bfee"
  name = "github.com/caicloud/nirvana"
  packages = ["log"]
  pruneopts = ""
  revision = "7c25660937f452908bc2b3732f239c206d2fefb5"
  version = "v0.2.1"

[[projects]]
  digest = "1:0deddd908b6b4b768cfc272c16ee61e7088a60f7fe2f06c547bd3d8e1f8b8e77"
  name = "github.com/davecgh/go-spew"
  packages = ["spew"]
  pruneopts = ""
  revision = "8991bc29aa16c548c550c7ff78260e27b9ab7c73"
  version = "v1.1.1"

[[projects]]
  digest = "1:fd53b471edb4c28c7d297f617f4da0d33402755f58d6301e7ca1197ef0a90937"
  name = "github.com/gogo/protobuf"
  packages = [
    "proto",
    "sortkeys",
  ]
  pruneopts = ""
  revision = "ba06b47c162d49f2af050fb4c75bcbc86a159d5c"
  version = "v1.2.1"

[[projects]]
  digest = "1:529d738b7976c3848cae5cf3a8036440166835e389c1f617af701eeb12a0518d"
  name = "github.com/golang/protobuf"
  packages = [
    "proto",
    "ptypes",
    "ptypes/any",
    "ptypes/duration",
    "ptypes/timestamp",
  ]
  pruneopts = ""
  revision = "b5d812f8a3706043e23a9cd5babf2e5423744d30"
  version = "v1.3.1"

[[projects]]
  digest = "1:8d4a577a9643f713c25a32151c0f26af7228b4b97a219b5ddb7fd38d16f6e673"
  name = "github.com/google/gofuzz"
  packages = ["."]
  pruneopts = ""
  revision = "f140a6486e521aad38f5917de355cbf147cc0496"
  version = "v1.0.0"

[[projects]]
  digest = "1:5facc3828b6a56f9aec988433ea33fb4407a89460952ed75be5347cec07318c0"
  name = "github.com/googleapis/gnostic"
  packages = [
    "OpenAPIv2",
    "compiler",
    "extensions",
  ]
  pruneopts = ""
  revision = "e73c7ec21d36ddb0711cb36d1502d18363b5c2c9"
  version = "v0.3.0"

[[projects]]
  digest = "1:85f8f8d390a03287a563e215ea6bd0610c858042731a8b42062435a0dcbc485f"
  name = "github.com/hashicorp/golang-lru"
  packages = [
    ".",
    "simplelru",
  ]
  pruneopts = ""
  revision = "7087cb70de9f7a8bc0a10c375cb0d2280a8edf9c"
  version = "v0.5.1"

[[projects]]
  digest = "1:31bfd110d31505e9ffbc9478e31773bf05bf02adcaeb9b139af42684f9294c13"
  name = "github.com/imdario/mergo"
  packages = ["."]
  pruneopts = ""
  revision = "7c29201646fa3de8506f701213473dd407f19646"
  version = "v0.3.7"

[[projects]]
  digest = "1:12d3de2c11e54ea37d7f00daf85088ad5e61ec4e8a1f828d6c8b657976856be7"
  name = "github.com/json-iterator/go"
  packages = ["."]
  pruneopts = ""
  revision = "0ff49de124c6f76f8494e194af75bde0f1a49a29"
  version = "v1.1.6"

[[projects]]
  digest = "1:63722a4b1e1717be7b98fc686e0b30d5e7f734b9e93d7dee86293b6deab7ea28"
  name = "github.com/matttproud/golang_protobuf_extensions"
  packages = ["pbutil"]
  pruneopts = ""
  revision = "c12348ce28de40eed0136aa2b644d0ee0650e56c"
  version = "v1.0.1"

[[projects]]
  digest = "1:0c0ff2a89c1bb0d01887e1dac043ad7efbf3ec77482ef058ac423d13497e16fd"
  name = "github.com/modern-go/concurrent"
  packages = ["."]
  pruneopts = ""
  revision = "bacd9c7ef1dd9b15be4a9909b8ac7a4e313eec94"
  version = "1.0.3"

[[projects]]
  digest = "1:e32bdbdb7c377a07a9a46378290059822efdce5c8d96fe71940d87cb4f918855"
  name = "github.com/modern-go/reflect2"
  packages = ["."]
  pruneopts = ""
  revision = "4b7aa43c6742a2c18fdef89dd197aaae7dac7ccd"
  version = "1.0.1"

[[projects]]
  digest = "1:d1c6da923f9044766d87a464bfcce4afe9456da4cca84cfe7a6d714dac57ca95"
  name = "github.com/prometheus/client_golang"
  packages = [
    "prometheus",
    "prometheus/internal",
    "prometheus/promhttp",
  ]
  pruneopts = ""
  revision = "4ab88e80c249ed361d3299e2930427d9ac43ef8d"
  version = "v1.0.0"

[[projects]]
  branch = "master"
  digest = "1:cd67319ee7536399990c4b00fae07c3413035a53193c644549a676091507cadc"
  name = "github.com/prometheus/client_model"
  packages = ["go"]
  pruneopts = ""
  revision = "fd36f4220a901265f90734c3183c5f0c91daa0b8"

[[projects]]
  digest = "1:0f2cee44695a3208fe5d6926076641499c72304e6f015348c9ab2df90a202cdf"
  name = "github.com/prometheus/common"
  packages = [
    "expfmt",
    "internal/bitbucket.org/ww/goautoneg",
    "model",
    "version",
  ]
  pruneopts = ""
  revision = "31bed53e4047fd6c510e43a941f90cb31be0972a"
  version = "v0.6.0"

[[projects]]
  digest = "1:9b33e539d6bf6e4453668a847392d1e9e6345225ea1426f9341212c652bcbee4"
  name = "github.com/prometheus/procfs"
  packages = [
    ".",
    "internal/fs",
  ]
  pruneopts = ""
  revision = "3f98efb27840a48a7a2898ec80be07674d19f9c8"
  version = "v0.0.3"

[[projects]]
  digest = "1:cbaf13cdbfef0e4734ed8a7504f57fe893d471d62a35b982bf6fb3f036449a66"
  name = "github.com/spf13/pflag"
  packages = ["."]
  pruneopts = ""
  revision = "298182f68c66c05229eb03ac171abe6e309ee79a"
  version = "v1.0.3"

[[projects]]
  branch = "master"
  digest = "1:90722da867436e04650b8491e5d9f690aeb2a4e305d548666bdd541d68d6cdbd"
  name = "golang.org/x/crypto"
  packages = ["ssh/terminal"]
  pruneopts = ""
  revision = "cc06ce4a13d484c0101a9e92913248488a75786d"

[[projects]]
  branch = "master"
  digest = "1:5c6b8395efd72ad4250b7747e2b1a0683c3edb7b0346a938ff45240c7ec53691"
  name = "golang.org/x/net"
  packages = [
    "context",
    "context/ctxhttp",
    "http/httpguts",
    "http2",
    "http2/hpack",
    "idna",
  ]
  pruneopts = ""
  revision = "3b0461eec859c4b73bb64fdc8285971fd33e3938"

[[projects]]
  branch = "master"
  digest = "1:01bdbbc604dcd5afb6f66a717f69ad45e9643c72d5bc11678d44ffa5c50f9e42"
  name = "golang.org/x/oauth2"
  packages = [
    ".",
    "internal",
  ]
  pruneopts = ""
  revision = "0f29369cfe4552d0e4bcddc57cc75f4d7e672a33"

[[projects]]
  branch = "master"
  digest = "1:2579a16d8afda9c9a475808c13324f5e572852e8927905ffa15bb14e71baba4f"
  name = "golang.org/x/sys"
  packages = [
    "unix",
    "windows",
  ]
  pruneopts = ""
  revision = "04f50cda93cbb67f2afa353c52f342100e80e625"

[[projects]]
  digest = "1:740b51a55815493a8d0f2b1e0d0ae48fe48953bf7eaf3fcc4198823bf67768c0"
  name = "golang.org/x/text"
  packages = [
    "collate",
    "collate/build",
    "internal/colltab",
    "internal/gen",
    "internal/language",
    "internal/language/compact",
    "internal/tag",
    "internal/triegen",
    "internal/ucd",
    "language",
    "secure/bidirule",
    "transform",
    "unicode/bidi",
    "unicode/cldr",
    "unicode/norm",
    "unicode/rangetable",
  ]
  pruneopts = ""
  revision = "342b2e1fbaa52c93f31447ad2c6abc048c63e475"
  version = "v0.3.2"

[[projects]]
  branch = "master"
  digest = "1:9522af4be529c108010f95b05f1022cb872f2b9ff8b101080f554245673466e1"
  name = "golang.org/x/time"
  packages = ["rate"]
  pruneopts = ""
  revision = "9d24e82272b4f38b78bc8cff74fa936d31ccd8ef"

[[projects]]
  digest = "1:47f391ee443f578f01168347818cb234ed819521e49e4d2c8dd2fb80d48ee41a"
  name = "google.golang.org/appengine"
  packages = [
    "internal",
    "internal/base",
    "internal/datastore",
    "internal/log",
    "internal/remote_api",
    "internal/urlfetch",
    "urlfetch",
  ]
  pruneopts = ""
  revision = "b2f4a3cf3c67576a2ee09e1fe62656a5086ce880"
  version = "v1.6.1"

[[projects]]
  digest = "1:75fb3fcfc73a8c723efde7777b40e8e8ff9babf30d8c56160d01beffea8a95a6"
  name = "gopkg.in/inf.v0"
  packages = ["."]
  pruneopts = ""
  revision = "d2d2541c53f18d2a059457998ce2876cc8e67cbf"
  version = "v0.9.1"

[[projects]]
  digest = "1:cedccf16b71e86db87a24f8d4c70b0a855872eb967cb906a66b95de56aefbd0d"
  name = "gopkg.in/yaml.v2"
  packages = ["."]
  pruneopts = ""
  revision = "51d6538a90f86fe93ac480b35f37b2be17fef232"
  version = "v2.2.2"

[[projects]]
  branch = "master"
  digest = "1:5b2df1ebac196473240af666ba94805b5134f4c6830e39a97d77fdfd6bbb74b1"
  name = "k8s.io/api"
  packages = [
    "admissionregistration/v1beta1",
    "apps/v1",
    "apps/v1beta1",
    "apps/v1beta2",
    "auditregistration/v1alpha1",
    "authentication/v1",
    "authentication/v1beta1",
    "authorization/v1",
    "authorization/v1beta1",
    "autoscaling/v1",
    "autoscaling/v2beta1",
    "autoscaling/v2beta2",
    "batch/v1",
    "batch/v1beta1",
    "batch/v2alpha1",
    "certificates/v1beta1",
    "coordination/v1",
    "coordination/v1beta1",
    "core/v1",
    "events/v1beta1",
    "extensions/v1beta1",
    "networking/v1",
    "networking/v1beta1",
    "node/v1alpha1",
    "node/v1beta1",
    "policy/v1beta1",
    "rbac/v1",
    "rbac/v1alpha1",
    "rbac/v1beta1",
    "scheduling/v1",
    "scheduling/v1alpha1",
    "scheduling/v1beta1",
    "settings/v1alpha1",
    "storage/v1",
    "storage/v1alpha1",
    "storage/v1beta1",
  ]
  pruneopts = ""
  revision = "acea843d18eb6f097b1bfc08db48f1d7a0ba829a"

[[projects]]
  digest = "1:a802c91b189a31200cfb66744441fe62dac961ec7c5c58c47716570de7da195c"
  name = "k8s.io/apimachinery"
  packages = [
    "pkg/api/errors",
    "pkg/api/meta",
    "pkg/api/resource",
    "pkg/apis/meta/internalversion",
    "pkg/apis/meta/v1",
    "pkg/apis/meta/v1/unstructured",
    "pkg/apis/meta/v1beta1",
    "pkg/conversion",
    "pkg/conversion/queryparams",
    "pkg/fields",
    "pkg/labels",
    "pkg/runtime",
    "pkg/runtime/schema",
    "pkg/runtime/serializer",
    "pkg/runtime/serializer/json",
    "pkg/runtime/serializer/protobuf",
    "pkg/runtime/serializer/recognizer",
    "pkg/runtime/serializer/streaming",
    "pkg/runtime/serializer/versioning",
    "pkg/selection",
    "pkg/types",
    "pkg/util/cache",
    "pkg/util/clock",
    "pkg/util/diff",
    "pkg/util/errors",
    "pkg/util/framer",
    "pkg/util/intstr",
    "pkg/util/json",
    "pkg/util/naming",
    "pkg/util/net",
    "pkg/util/runtime",
    "pkg/util/sets",
    "pkg/util/validation",
    "pkg/util/validation/field",
    "pkg/util/wait",
    "pkg/util/yaml",
    "pkg/version",
    "pkg/watch",
    "third_party/forked/golang/reflect",
  ]
  pruneopts = ""
  revision = "6a84e37a896db9780c75367af8d2ed2bb944022e"
  version = "kubernetes-1.14.2"

[[projects]]
  digest = "1:540fc5f6e2a3c5ea4753157cd12b16966c979a37ed63851dd89031d2f4643aef"
  name = "k8s.io/client-go"
  packages = [
    "discovery",
    "kubernetes",
    "kubernetes/scheme",
    "kubernetes/typed/admissionregistration/v1beta1",
    "kubernetes/typed/apps/v1",
    "kubernetes/typed/apps/v1beta1",
    "kubernetes/typed/apps/v1beta2",
    "kubernetes/typed/auditregistration/v1alpha1",
    "kubernetes/typed/authentication/v1",
    "kubernetes/typed/authentication/v1beta1",
    "kubernetes/typed/authorization/v1",
    "kubernetes/typed/authorization/v1beta1",
    "kubernetes/typed/autoscaling/v1",
    "kubernetes/typed/autoscaling/v2beta1",
    "kubernetes/typed/autoscaling/v2beta2",
    "kubernetes/typed/batch/v1",
    "kubernetes/typed/batch/v1beta1",
    "kubernetes/typed/batch/v2alpha1",
    "kubernetes/typed/certificates/v1beta1",
    "kubernetes/typed/coordination/v1",
    "kubernetes/typed/coordination/v1beta1",
    "kubernetes/typed/core/v1",
    "kubernetes/typed/events/v1beta1",
    "kubernetes/typed/extensions/v1beta1",
    "kubernetes/typed/networking/v1",
    "kubernetes/typed/networking/v1beta1",
    "kubernetes/typed/node/v1alpha1",
    "kubernetes/typed/node/v1beta1",
    "kubernetes/typed/policy/v1beta1",
    "kubernetes/typed/rbac/v1",
    "kubernetes/typed/rbac/v1alpha1",
    "kubernetes/typed/rbac/v1beta1",
    "kubernetes/typed/scheduling/v1",
    "kubernetes/typed/scheduling/v1alpha1",
    "kubernetes/typed/scheduling/v1beta1",
    "kubernetes/typed/settings/v1alpha1",
    "kubernetes/typed/storage/v1",
    "kubernetes/typed/storage/v1alpha1",
    "kubernetes/typed/storage/v1beta1",
    "pkg/apis/clientauthentication",
    "pkg/apis/clientauthentication/v1alpha1",
    "pkg/apis/clientauthentication/v1beta1",
    "pkg/version",
    "plugin/pkg/client/auth/exec",
    "rest",
    "rest/watch",
    "tools/auth",
    "tools/cache",
    "tools/clientcmd",
    "tools/clientcmd/api",
    "tools/clientcmd/api/latest",
    "tools/clientcmd/api/v1",
    "tools/metrics",
    "tools/pager",
    "tools/reference",
    "transport",
    "util/cert",
    "util/connrotation",
    "util/flowcontrol",
    "util/homedir",
    "util/keyutil",
    "util/retry",
  ]
  pruneopts = ""
  revision = "ae8359b20417914b73a4b514b7a3d642597700bb"
  version = "kubernetes-1.14.2"

[[projects]]
  digest = "1:9eaf86f4f6fb4a8f177220d488ef1e3255d06a691cca95f14ef085d4cd1cef3c"
  name = "k8s.io/klog"
  packages = ["."]
  pruneopts = ""
  revision = "d98d8acdac006fb39831f1b25640813fef9c314f"
  version = "v0.3.3"

[[projects]]
  digest = "1:30b201b810685671ff5b26a02f9d8a520cea5b451790ffe13f15c26170ff27fb"
  name = "k8s.io/kubernetes"
  packages = ["pkg/kubelet/events"]
  pruneopts = ""
  revision = "66049e3b21efe110454d67df4fa62b08ea79a19b"
  version = "v1.14.2"

[[projects]]
  branch = "master"
  digest = "1:4c5d39f7ca1c940d7e74dbc62d2221e2c59b3d35c54f1fa9c77f3fd3113bbcb1"
  name = "k8s.io/utils"
  packages = [
    "buffer",
    "integer",
    "trace",
  ]
  pruneopts = ""
  revision = "c55fbcfc754a5b2ec2fbae8fb9dcac36bdba6a12"

[[projects]]
  digest = "1:321081b4a44256715f2b68411d8eda9a17f17ebfe6f0cc61d2cc52d11c08acfa"
  name = "sigs.k8s.io/yaml"
  packages = ["."]
  pruneopts = ""
  revision = "fd68e9863619f6ec2fdd8625fe1f02e7c877e480"
  version = "v1.1.0"

[solve-meta]
  analyzer-name = "dep"
  analyzer-version = 1
  input-imports = [
    "github.com/caicloud/nirvana/log",
    "github.com/prometheus/client_golang/prometheus",
    "github.com/prometheus/client_golang/prometheus/promhttp",
    "github.com/prometheus/common/version",
    "github.com/spf13/pflag",
    "k8s.io/api/core/v1",
    "k8s.io/apimachinery/pkg/apis/meta/v1",
    "k8s.io/apimachinery/pkg/runtime",
    "k8s.io/apimachinery/pkg/watch",
    "k8s.io/client-go/kubernetes",
    "k8s.io/client-go/rest",
    "k8s.io/client-go/tools/cache",
    "k8s.io/client-go/tools/clientcmd",
    "k8s.io/kubernetes/pkg/kubelet/events",
    "k8s.io/utils/integer",
  ]
  solver-name = "gps-cdcl"
  solver-version = 1
